// !$*UTF8*$!
{
	archiveVersion = 1;
	classes = {
	};
	objectVersion = 46;
	objects = {

/* Begin PBXBuildFile section */
		EB394DBA1E45A6FB0000F7AB /* AppDelegate.swift in Sources */ = {isa = PBXBuildFile; fileRef = EB394DB91E45A6FB0000F7AB /* AppDelegate.swift */; };
		EB394DBF1E45A6FB0000F7AB /* Main.storyboard in Resources */ = {isa = PBXBuildFile; fileRef = EB394DBD1E45A6FB0000F7AB /* Main.storyboard */; };
		EB394DC11E45A6FB0000F7AB /* Assets.xcassets in Resources */ = {isa = PBXBuildFile; fileRef = EB394DC01E45A6FB0000F7AB /* Assets.xcassets */; };
		EB394DC41E45A6FB0000F7AB /* LaunchScreen.storyboard in Resources */ = {isa = PBXBuildFile; fileRef = EB394DC21E45A6FB0000F7AB /* LaunchScreen.storyboard */; };
		EB7B4E1F1E462517009CF589 /* GameViewController.swift in Sources */ = {isa = PBXBuildFile; fileRef = EB7B4E1E1E462517009CF589 /* GameViewController.swift */; };
		EB7B4E211E462557009CF589 /* ScoreCardView.swift in Sources */ = {isa = PBXBuildFile; fileRef = EB7B4E201E462557009CF589 /* ScoreCardView.swift */; };
		EB7B4E231E46264B009CF589 /* PointView.swift in Sources */ = {isa = PBXBuildFile; fileRef = EB7B4E221E46264B009CF589 /* PointView.swift */; };
		EB7B4E251E463783009CF589 /* ShotSelectorView.swift in Sources */ = {isa = PBXBuildFile; fileRef = EB7B4E241E463783009CF589 /* ShotSelectorView.swift */; };
		EBD1FF7E1E48E591002C766A /* ResultSelectorView.swift in Sources */ = {isa = PBXBuildFile; fileRef = EBD1FF7D1E48E591002C766A /* ResultSelectorView.swift */; };
		EBD1FF801E48F0D0002C766A /* Point.swift in Sources */ = {isa = PBXBuildFile; fileRef = EBD1FF7F1E48F0D0002C766A /* Point.swift */; };
		EBD1FF821E48F139002C766A /* Player.swift in Sources */ = {isa = PBXBuildFile; fileRef = EBD1FF811E48F139002C766A /* Player.swift */; };
		EBD1FF841E48F14B002C766A /* Shot.swift in Sources */ = {isa = PBXBuildFile; fileRef = EBD1FF831E48F14B002C766A /* Shot.swift */; };
		EBD1FF861E48F1A2002C766A /* PointResult.swift in Sources */ = {isa = PBXBuildFile; fileRef = EBD1FF851E48F1A2002C766A /* PointResult.swift */; };
		EBD1FF8A1E48F565002C766A /* UIColor+Scoresheet.swift in Sources */ = {isa = PBXBuildFile; fileRef = EBD1FF891E48F565002C766A /* UIColor+Scoresheet.swift */; };
		EBD1FF8C1E48F693002C766A /* Game.swift in Sources */ = {isa = PBXBuildFile; fileRef = EBD1FF8B1E48F693002C766A /* Game.swift */; };
		EBD1FF8E1E492441002C766A /* ShotDisplayTableView.swift in Sources */ = {isa = PBXBuildFile; fileRef = EBD1FF8D1E492441002C766A /* ShotDisplayTableView.swift */; };
/* End PBXBuildFile section */

/* Begin PBXFileReference section */
		EB394DB61E45A6FB0000F7AB /* Scoresheet.app */ = {isa = PBXFileReference; explicitFileType = wrapper.application; includeInIndex = 0; path = Scoresheet.app; sourceTree = BUILT_PRODUCTS_DIR; };
		EB394DB91E45A6FB0000F7AB /* AppDelegate.swift */ = {isa = PBXFileReference; lastKnownFileType = sourcecode.swift; path = AppDelegate.swift; sourceTree = "<group>"; };
		EB394DBE1E45A6FB0000F7AB /* Base */ = {isa = PBXFileReference; lastKnownFileType = file.storyboard; name = Base; path = Base.lproj/Main.storyboard; sourceTree = "<group>"; };
		EB394DC01E45A6FB0000F7AB /* Assets.xcassets */ = {isa = PBXFileReference; lastKnownFileType = folder.assetcatalog; path = Assets.xcassets; sourceTree = "<group>"; };
		EB394DC31E45A6FB0000F7AB /* Base */ = {isa = PBXFileReference; lastKnownFileType = file.storyboard; name = Base; path = Base.lproj/LaunchScreen.storyboard; sourceTree = "<group>"; };
		EB394DC51E45A6FB0000F7AB /* Info.plist */ = {isa = PBXFileReference; lastKnownFileType = text.plist.xml; path = Info.plist; sourceTree = "<group>"; };
		EB7B4E1E1E462517009CF589 /* GameViewController.swift */ = {isa = PBXFileReference; fileEncoding = 4; lastKnownFileType = sourcecode.swift; path = GameViewController.swift; sourceTree = "<group>"; };
		EB7B4E201E462557009CF589 /* ScoreCardView.swift */ = {isa = PBXFileReference; fileEncoding = 4; lastKnownFileType = sourcecode.swift; path = ScoreCardView.swift; sourceTree = "<group>"; };
		EB7B4E221E46264B009CF589 /* PointView.swift */ = {isa = PBXFileReference; fileEncoding = 4; lastKnownFileType = sourcecode.swift; path = PointView.swift; sourceTree = "<group>"; };
		EB7B4E241E463783009CF589 /* ShotSelectorView.swift */ = {isa = PBXFileReference; fileEncoding = 4; lastKnownFileType = sourcecode.swift; path = ShotSelectorView.swift; sourceTree = "<group>"; };
		EBD1FF7D1E48E591002C766A /* ResultSelectorView.swift */ = {isa = PBXFileReference; fileEncoding = 4; lastKnownFileType = sourcecode.swift; path = ResultSelectorView.swift; sourceTree = "<group>"; };
		EBD1FF7F1E48F0D0002C766A /* Point.swift */ = {isa = PBXFileReference; fileEncoding = 4; lastKnownFileType = sourcecode.swift; path = Point.swift; sourceTree = "<group>"; };
		EBD1FF811E48F139002C766A /* Player.swift */ = {isa = PBXFileReference; fileEncoding = 4; lastKnownFileType = sourcecode.swift; path = Player.swift; sourceTree = "<group>"; };
		EBD1FF831E48F14B002C766A /* Shot.swift */ = {isa = PBXFileReference; fileEncoding = 4; lastKnownFileType = sourcecode.swift; path = Shot.swift; sourceTree = "<group>"; };
		EBD1FF851E48F1A2002C766A /* PointResult.swift */ = {isa = PBXFileReference; fileEncoding = 4; lastKnownFileType = sourcecode.swift; path = PointResult.swift; sourceTree = "<group>"; };
		EBD1FF891E48F565002C766A /* UIColor+Scoresheet.swift */ = {isa = PBXFileReference; fileEncoding = 4; lastKnownFileType = sourcecode.swift; path = "UIColor+Scoresheet.swift"; sourceTree = "<group>"; };
		EBD1FF8B1E48F693002C766A /* Game.swift */ = {isa = PBXFileReference; fileEncoding = 4; lastKnownFileType = sourcecode.swift; path = Game.swift; sourceTree = "<group>"; };
		EBD1FF8D1E492441002C766A /* ShotDisplayTableView.swift */ = {isa = PBXFileReference; fileEncoding = 4; lastKnownFileType = sourcecode.swift; path = ShotDisplayTableView.swift; sourceTree = "<group>"; };
/* End PBXFileReference section */

/* Begin PBXFrameworksBuildPhase section */
		EB394DB31E45A6FB0000F7AB /* Frameworks */ = {
			isa = PBXFrameworksBuildPhase;
			buildActionMask = 2147483647;
			files = (
			);
			runOnlyForDeploymentPostprocessing = 0;
		};
/* End PBXFrameworksBuildPhase section */

/* Begin PBXGroup section */
		EB394DAD1E45A6FB0000F7AB = {
			isa = PBXGroup;
			children = (
				EB394DB81E45A6FB0000F7AB /* Scoresheet */,
				EB394DB71E45A6FB0000F7AB /* Products */,
			);
			sourceTree = "<group>";
		};
		EB394DB71E45A6FB0000F7AB /* Products */ = {
			isa = PBXGroup;
			children = (
				EB394DB61E45A6FB0000F7AB /* Scoresheet.app */,
			);
			name = Products;
			sourceTree = "<group>";
		};
		EB394DB81E45A6FB0000F7AB /* Scoresheet */ = {
			isa = PBXGroup;
			children = (
				EB394DB91E45A6FB0000F7AB /* AppDelegate.swift */,
				EB7B4E1E1E462517009CF589 /* GameViewController.swift */,
				EB7B4E201E462557009CF589 /* ScoreCardView.swift */,
				EB7B4E221E46264B009CF589 /* PointView.swift */,
				EB7B4E241E463783009CF589 /* ShotSelectorView.swift */,
				EBD1FF7D1E48E591002C766A /* ResultSelectorView.swift */,
				EBD1FF8D1E492441002C766A /* ShotDisplayTableView.swift */,
				EBD1FF881E48F559002C766A /* Extensions */,
				EBD1FF871E48F1DF002C766A /* Models */,
				EB394DBD1E45A6FB0000F7AB /* Main.storyboard */,
				EB394DC01E45A6FB0000F7AB /* Assets.xcassets */,
				EB394DC21E45A6FB0000F7AB /* LaunchScreen.storyboard */,
				EB394DC51E45A6FB0000F7AB /* Info.plist */,
			);
			path = Scoresheet;
			sourceTree = "<group>";
		};
		EBD1FF871E48F1DF002C766A /* Models */ = {
			isa = PBXGroup;
			children = (
				EBD1FF7F1E48F0D0002C766A /* Point.swift */,
				EBD1FF811E48F139002C766A /* Player.swift */,
				EBD1FF831E48F14B002C766A /* Shot.swift */,
				EBD1FF851E48F1A2002C766A /* PointResult.swift */,
				EBD1FF8B1E48F693002C766A /* Game.swift */,
			);
			name = Models;
			sourceTree = "<group>";
		};
		EBD1FF881E48F559002C766A /* Extensions */ = {
			isa = PBXGroup;
			children = (
				EBD1FF891E48F565002C766A /* UIColor+Scoresheet.swift */,
			);
			name = Extensions;
			sourceTree = "<group>";
		};
/* End PBXGroup section */

/* Begin PBXNativeTarget section */
		EB394DB51E45A6FB0000F7AB /* Scoresheet */ = {
			isa = PBXNativeTarget;
			buildConfigurationList = EB394DC81E45A6FB0000F7AB /* Build configuration list for PBXNativeTarget "Scoresheet" */;
			buildPhases = (
				EB394DB21E45A6FB0000F7AB /* Sources */,
				EB394DB31E45A6FB0000F7AB /* Frameworks */,
				EB394DB41E45A6FB0000F7AB /* Resources */,
			);
			buildRules = (
			);
			dependencies = (
			);
			name = Scoresheet;
			productName = Scoresheet;
			productReference = EB394DB61E45A6FB0000F7AB /* Scoresheet.app */;
			productType = "com.apple.product-type.application";
		};
/* End PBXNativeTarget section */

/* Begin PBXProject section */
		EB394DAE1E45A6FB0000F7AB /* Project object */ = {
			isa = PBXProject;
			attributes = {
				LastSwiftUpdateCheck = 0820;
				LastUpgradeCheck = 0820;
				ORGANIZATIONNAME = "Jack Cook";
				TargetAttributes = {
					EB394DB51E45A6FB0000F7AB = {
						CreatedOnToolsVersion = 8.2.1;
						DevelopmentTeam = 59PUM5CV3T;
						ProvisioningStyle = Automatic;
					};
				};
			};
			buildConfigurationList = EB394DB11E45A6FB0000F7AB /* Build configuration list for PBXProject "Scoresheet" */;
			compatibilityVersion = "Xcode 3.2";
			developmentRegion = English;
			hasScannedForEncodings = 0;
			knownRegions = (
				en,
				Base,
			);
			mainGroup = EB394DAD1E45A6FB0000F7AB;
			productRefGroup = EB394DB71E45A6FB0000F7AB /* Products */;
			projectDirPath = "";
			projectRoot = "";
			targets = (
				EB394DB51E45A6FB0000F7AB /* Scoresheet */,
			);
		};
/* End PBXProject section */

/* Begin PBXResourcesBuildPhase section */
		EB394DB41E45A6FB0000F7AB /* Resources */ = {
			isa = PBXResourcesBuildPhase;
			buildActionMask = 2147483647;
			files = (
				EB394DC41E45A6FB0000F7AB /* LaunchScreen.storyboard in Resources */,
				EB394DC11E45A6FB0000F7AB /* Assets.xcassets in Resources */,
				EB394DBF1E45A6FB0000F7AB /* Main.storyboard in Resources */,
			);
			runOnlyForDeploymentPostprocessing = 0;
		};
/* End PBXResourcesBuildPhase section */

/* Begin PBXSourcesBuildPhase section */
		EB394DB21E45A6FB0000F7AB /* Sources */ = {
			isa = PBXSourcesBuildPhase;
			buildActionMask = 2147483647;
			files = (
				EB7B4E1F1E462517009CF589 /* GameViewController.swift in Sources */,
				EBD1FF861E48F1A2002C766A /* PointResult.swift in Sources */,
				EB394DBA1E45A6FB0000F7AB /* AppDelegate.swift in Sources */,
				EBD1FF8E1E492441002C766A /* ShotDisplayTableView.swift in Sources */,
				EBD1FF7E1E48E591002C766A /* ResultSelectorView.swift in Sources */,
				EB7B4E211E462557009CF589 /* ScoreCardView.swift in Sources */,
				EBD1FF821E48F139002C766A /* Player.swift in Sources */,
				EBD1FF801E48F0D0002C766A /* Point.swift in Sources */,
				EBD1FF8C1E48F693002C766A /* Game.swift in Sources */,
				EBD1FF841E48F14B002C766A /* Shot.swift in Sources */,
				EB7B4E231E46264B009CF589 /* PointView.swift in Sources */,
				EB7B4E251E463783009CF589 /* ShotSelectorView.swift in Sources */,
				EBD1FF8A1E48F565002C766A /* UIColor+Scoresheet.swift in Sources */,
			);
			runOnlyForDeploymentPostprocessing = 0;
		};
/* End PBXSourcesBuildPhase section */

/* Begin PBXVariantGroup section */
		EB394DBD1E45A6FB0000F7AB /* Main.storyboard */ = {
			isa = PBXVariantGroup;
			children = (
				EB394DBE1E45A6FB0000F7AB /* Base */,
			);
			name = Main.storyboard;
			sourceTree = "<group>";
		};
		EB394DC21E45A6FB0000F7AB /* LaunchScreen.storyboard */ = {
			isa = PBXVariantGroup;
			children = (
				EB394DC31E45A6FB0000F7AB /* Base */,
			);
			name = LaunchScreen.storyboard;
			sourceTree = "<group>";
		};
/* End PBXVariantGroup section */

/* Begin XCBuildConfiguration section */
		EB394DC61E45A6FB0000F7AB /* Debug */ = {
			isa = XCBuildConfiguration;
			buildSettings = {
				ALWAYS_SEARCH_USER_PATHS = NO;
				CLANG_ANALYZER_NONNULL = YES;
				CLANG_CXX_LANGUAGE_STANDARD = "gnu++0x";
				CLANG_CXX_LIBRARY = "libc++";
				CLANG_ENABLE_MODULES = YES;
				CLANG_ENABLE_OBJC_ARC = YES;
				CLANG_WARN_BOOL_CONVERSION = YES;
				CLANG_WARN_CONSTANT_CONVERSION = YES;
				CLANG_WARN_DIRECT_OBJC_ISA_USAGE = YES_ERROR;
				CLANG_WARN_DOCUMENTATION_COMMENTS = YES;
				CLANG_WARN_EMPTY_BODY = YES;
				CLANG_WARN_ENUM_CONVERSION = YES;
				CLANG_WARN_INFINITE_RECURSION = YES;
				CLANG_WARN_INT_CONVERSION = YES;
				CLANG_WARN_OBJC_ROOT_CLASS = YES_ERROR;
				CLANG_WARN_SUSPICIOUS_MOVE = YES;
				CLANG_WARN_UNREACHABLE_CODE = YES;
				CLANG_WARN__DUPLICATE_METHOD_MATCH = YES;
				"CODE_SIGN_IDENTITY[sdk=iphoneos*]" = "iPhone Developer";
				COPY_PHASE_STRIP = NO;
				DEBUG_INFORMATION_FORMAT = dwarf;
				ENABLE_STRICT_OBJC_MSGSEND = YES;
				ENABLE_TESTABILITY = YES;
				GCC_C_LANGUAGE_STANDARD = gnu99;
				GCC_DYNAMIC_NO_PIC = NO;
				GCC_NO_COMMON_BLOCKS = YES;
				GCC_OPTIMIZATION_LEVEL = 0;
				GCC_PREPROCESSOR_DEFINITIONS = (
					"DEBUG=1",
					"$(inherited)",
				);
				GCC_WARN_64_TO_32_BIT_CONVERSION = YES;
				GCC_WARN_ABOUT_RETURN_TYPE = YES_ERROR;
				GCC_WARN_UNDECLARED_SELECTOR = YES;
				GCC_WARN_UNINITIALIZED_AUTOS = YES_AGGRESSIVE;
				GCC_WARN_UNUSED_FUNCTION = YES;
				GCC_WARN_UNUSED_VARIABLE = YES;
				IPHONEOS_DEPLOYMENT_TARGET = 10.2;
				MTL_ENABLE_DEBUG_INFO = YES;
				ONLY_ACTIVE_ARCH = YES;
				SDKROOT = iphoneos;
				SWIFT_ACTIVE_COMPILATION_CONDITIONS = DEBUG;
				SWIFT_OPTIMIZATION_LEVEL = "-Onone";
				TARGETED_DEVICE_FAMILY = "1,2";
			};
			name = Debug;
		};
		EB394DC71E45A6FB0000F7AB /* Release */ = {
			isa = XCBuildConfiguration;
			buildSettings = {
				ALWAYS_SEARCH_USER_PATHS = NO;
				CLANG_ANALYZER_NONNULL = YES;
				CLANG_CXX_LANGUAGE_STANDARD = "gnu++0x";
				CLANG_CXX_LIBRARY = "libc++";
				CLANG_ENABLE_MODULES = YES;
				CLANG_ENABLE_OBJC_ARC = YES;
				CLANG_WARN_BOOL_CONVERSION = YES;
				CLANG_WARN_CONSTANT_CONVERSION = YES;
				CLANG_WARN_DIRECT_OBJC_ISA_USAGE = YES_ERROR;
				CLANG_WARN_DOCUMENTATION_COMMENTS = YES;
				CLANG_WARN_EMPTY_BODY = YES;
				CLANG_WARN_ENUM_CONVERSION = YES;
				CLANG_WARN_INFINITE_RECURSION = YES;
				CLANG_WARN_INT_CONVERSION = YES;
				CLANG_WARN_OBJC_ROOT_CLASS = YES_ERROR;
				CLANG_WARN_SUSPICIOUS_MOVE = YES;
				CLANG_WARN_UNREACHABLE_CODE = YES;
				CLANG_WARN__DUPLICATE_METHOD_MATCH = YES;
				"CODE_SIGN_IDENTITY[sdk=iphoneos*]" = "iPhone Developer";
				COPY_PHASE_STRIP = NO;
				DEBUG_INFORMATION_FORMAT = "dwarf-with-dsym";
				ENABLE_NS_ASSERTIONS = NO;
				ENABLE_STRICT_OBJC_MSGSEND = YES;
				GCC_C_LANGUAGE_STANDARD = gnu99;
				GCC_NO_COMMON_BLOCKS = YES;
				GCC_WARN_64_TO_32_BIT_CONVERSION = YES;
				GCC_WARN_ABOUT_RETURN_TYPE = YES_ERROR;
				GCC_WARN_UNDECLARED_SELECTOR = YES;
				GCC_WARN_UNINITIALIZED_AUTOS = YES_AGGRESSIVE;
				GCC_WARN_UNUSED_FUNCTION = YES;
				GCC_WARN_UNUSED_VARIABLE = YES;
				IPHONEOS_DEPLOYMENT_TARGET = 10.2;
				MTL_ENABLE_DEBUG_INFO = NO;
				SDKROOT = iphoneos;
				SWIFT_OPTIMIZATION_LEVEL = "-Owholemodule";
				TARGETED_DEVICE_FAMILY = "1,2";
				VALIDATE_PRODUCT = YES;
			};
			name = Release;
		};
		EB394DC91E45A6FB0000F7AB /* Debug */ = {
			isa = XCBuildConfiguration;
			buildSettings = {
				ASSETCATALOG_COMPILER_APPICON_NAME = AppIcon;
				DEVELOPMENT_TEAM = 59PUM5CV3T;
				INFOPLIST_FILE = Scoresheet/Info.plist;
				IPHONEOS_DEPLOYMENT_TARGET = 9.0;
				LD_RUNPATH_SEARCH_PATHS = "$(inherited) @executable_path/Frameworks";
				PRODUCT_BUNDLE_IDENTIFIER = nyc.jackcook.Scoresheet;
				PRODUCT_NAME = "$(TARGET_NAME)";
				SWIFT_VERSION = 3.0;
				TARGETED_DEVICE_FAMILY = 2;
			};
			name = Debug;
		};
		EB394DCA1E45A6FB0000F7AB /* Release */ = {
			isa = XCBuildConfiguration;
			buildSettings = {
				ASSETCATALOG_COMPILER_APPICON_NAME = AppIcon;
				DEVELOPMENT_TEAM = 59PUM5CV3T;
				INFOPLIST_FILE = Scoresheet/Info.plist;
				IPHONEOS_DEPLOYMENT_TARGET = 9.0;
				LD_RUNPATH_SEARCH_PATHS = "$(inherited) @executable_path/Frameworks";
				PRODUCT_BUNDLE_IDENTIFIER = nyc.jackcook.Scoresheet;
				PRODUCT_NAME = "$(TARGET_NAME)";
				SWIFT_VERSION = 3.0;
				TARGETED_DEVICE_FAMILY = 2;
			};
			name = Release;
		};
/* End XCBuildConfiguration section */

/* Begin XCConfigurationList section */
		EB394DB11E45A6FB0000F7AB /* Build configuration list for PBXProject "Scoresheet" */ = {
			isa = XCConfigurationList;
			buildConfigurations = (
				EB394DC61E45A6FB0000F7AB /* Debug */,
				EB394DC71E45A6FB0000F7AB /* Release */,
			);
			defaultConfigurationIsVisible = 0;
			defaultConfigurationName = Release;
		};
		EB394DC81E45A6FB0000F7AB /* Build configuration list for PBXNativeTarget "Scoresheet" */ = {
			isa = XCConfigurationList;
			buildConfigurations = (
				EB394DC91E45A6FB0000F7AB /* Debug */,
				EB394DCA1E45A6FB0000F7AB /* Release */,
			);
			defaultConfigurationIsVisible = 0;
			defaultConfigurationName = Release;
		};
/* End XCConfigurationList section */
	};
	rootObject = EB394DAE1E45A6FB0000F7AB /* Project object */;
}
